# This file is automatically @generated by Poetry 2.1.3 and should not be changed by hand.
package = []

[extras]
athena = []
mariadb = []
mssql = []
mysql = []
oracle = []
oracledb = []
postgres = []
postgresql = []
presto = []
sqlite = []
sqlserver = []

[metadata]
lock-version = "2.1"
python-versions = "^3.6"
content-hash = "29c517824ef75ae50c85947b999bbcf8f8e618aef26dd66fbf0b5b377bc80fe5"
