# This file is automatically @generated by Poetry 2.3.2 and should not be changed by hand.
package = []

[extras]
mssql = []
mysql = []
oracledb = []
postgres = []
postgresql = []
sqlite = []
sqlserver = []

[metadata]
lock-version = "2.1"
python-versions = "^3.6"
content-hash = "6eb043beefc2203afd486a91a99ebca6966e92aea4489fee7e8e16b8a29b1e2e"
